
Microsoft Visual Studio Solution File, Format Version 12.00
# Visual Studio 15
VisualStudioVersion = 15.0.27428.2043
MinimumVisualStudioVersion = 10.0.40219.1
Project("{FAE04EC0-301F-11D3-BF4B-00C04F79EFBC}") = "Twad.DotNet.Utility", "Twad.DotNet.Utility\Twad.DotNet.Utility.csproj", "{C681E3FA-E54C-4294-87A2-D3B5B7FE968B}"
EndProject
Global
	GlobalSection(SolutionConfigurationPlatforms) = preSolution
		Debug|Any CPU = Debug|Any CPU
		Release|Any CPU = Release|Any CPU
	EndGlobalSection
	GlobalSection(ProjectConfigurationPlatforms) = postSolution
		{C681E3FA-E54C-4294-87A2-D3B5B7FE968B}.Debug|Any CPU.ActiveCfg = Debug|Any CPU
		{C681E3FA-E54C-4294-87A2-D3B5B7FE968B}.Debug|Any CPU.Build.0 = Debug|Any CPU
		{C681E3FA-E54C-4294-87A2-D3B5B7FE968B}.Release|Any CPU.ActiveCfg = Release|Any CPU
		{C681E3FA-E54C-4294-87A2-D3B5B7FE968B}.Release|Any CPU.Build.0 = Release|Any CPU
	EndGlobalSection
	GlobalSection(SolutionProperties) = preSolution
		HideSolutionNode = FALSE
	EndGlobalSection
	GlobalSection(ExtensibilityGlobals) = postSolution
		SolutionGuid = {83749D31-20A3-4775-9C30-7D7B4D781D0B}
	EndGlobalSection
EndGlobal
